// !$*UTF8*$!
{
	archiveVersion = 1;
	classes = {
	};
	objectVersion = 46;
	objects = {

/* Begin PBXAggregateTarget section */
		E1BF43161A422F5300B4707D /* PCFUniversal */ = {
			isa = PBXAggregateTarget;
			buildConfigurationList = E1BF43171A422F5300B4707D /* Build configuration list for PBXAggregateTarget "PCFUniversal" */;
			buildPhases = (
				E1BF431A1A422F5800B4707D /* ShellScript */,
			);
			dependencies = (
			);
			name = PCFUniversal;
			productName = PCFUniversal;
		};
/* End PBXAggregateTarget section */

/* Begin PBXBuildFile section */
		E14D1ACD1A4230150073322C /* libOCMock.a in Frameworks */ = {isa = PBXBuildFile; fileRef = E14D1ACC1A4230140073322C /* libOCMock.a */; };
		E1BF42E21A422AC600B4707D /* PCFAuth.framework in Frameworks */ = {isa = PBXBuildFile; fileRef = E1BF42D61A422AC600B4707D /* PCFAuth.framework */; };
		E1BF42E91A422AC600B4707D /* PCFAuthTests.m in Sources */ = {isa = PBXBuildFile; fileRef = E1BF42E81A422AC600B4707D /* PCFAuthTests.m */; };
		E1BF42F61A422E8D00B4707D /* PCFAuth.h in Headers */ = {isa = PBXBuildFile; fileRef = E1BF42F41A422E8D00B4707D /* PCFAuth.h */; settings = {ATTRIBUTES = (Public, ); }; };
		E1BF42F71A422E8D00B4707D /* PCFAuth.m in Sources */ = {isa = PBXBuildFile; fileRef = E1BF42F51A422E8D00B4707D /* PCFAuth.m */; };
		E1BF43141A422F3800B4707D /* PCFAuth.h in CopyFiles */ = {isa = PBXBuildFile; fileRef = E1BF42F41A422E8D00B4707D /* PCFAuth.h */; };
		E1BF43151A422F3C00B4707D /* PCFAuth.m in Sources */ = {isa = PBXBuildFile; fileRef = E1BF42F51A422E8D00B4707D /* PCFAuth.m */; };
/* End PBXBuildFile section */

/* Begin PBXContainerItemProxy section */
		E1BF42E31A422AC600B4707D /* PBXContainerItemProxy */ = {
			isa = PBXContainerItemProxy;
			containerPortal = E1BF42CD1A422AC600B4707D /* Project object */;
			proxyType = 1;
			remoteGlobalIDString = E1BF42D51A422AC600B4707D;
			remoteInfo = PCFAuth;
		};
/* End PBXContainerItemProxy section */

/* Begin PBXCopyFilesBuildPhase section */
		E1BF42FB1A422F1100B4707D /* CopyFiles */ = {
			isa = PBXCopyFilesBuildPhase;
			buildActionMask = 2147483647;
			dstPath = "include/$(PRODUCT_NAME)";
			dstSubfolderSpec = 16;
			files = (
				E1BF43141A422F3800B4707D /* PCFAuth.h in CopyFiles */,
			);
			runOnlyForDeploymentPostprocessing = 0;
		};
/* End PBXCopyFilesBuildPhase section */

/* Begin PBXFileReference section */
		E14D1ACC1A4230140073322C /* libOCMock.a */ = {isa = PBXFileReference; lastKnownFileType = archive.ar; name = libOCMock.a; path = PCFAuthTests/ThirdParty/OCMockiOS/libOCMock.a; sourceTree = "<group>"; };
		E1BF42D61A422AC600B4707D /* PCFAuth.framework */ = {isa = PBXFileReference; explicitFileType = wrapper.framework; includeInIndex = 0; path = PCFAuth.framework; sourceTree = BUILT_PRODUCTS_DIR; };
		E1BF42DA1A422AC600B4707D /* Info.plist */ = {isa = PBXFileReference; lastKnownFileType = text.plist.xml; path = Info.plist; sourceTree = "<group>"; };
		E1BF42E11A422AC600B4707D /* PCFAuthTests.xctest */ = {isa = PBXFileReference; explicitFileType = wrapper.cfbundle; includeInIndex = 0; path = PCFAuthTests.xctest; sourceTree = BUILT_PRODUCTS_DIR; };
		E1BF42E71A422AC600B4707D /* Info.plist */ = {isa = PBXFileReference; lastKnownFileType = text.plist.xml; path = Info.plist; sourceTree = "<group>"; };
		E1BF42E81A422AC600B4707D /* PCFAuthTests.m */ = {isa = PBXFileReference; lastKnownFileType = sourcecode.c.objc; path = PCFAuthTests.m; sourceTree = "<group>"; };
		E1BF42F41A422E8D00B4707D /* PCFAuth.h */ = {isa = PBXFileReference; fileEncoding = 4; lastKnownFileType = sourcecode.c.h; path = PCFAuth.h; sourceTree = "<group>"; };
		E1BF42F51A422E8D00B4707D /* PCFAuth.m */ = {isa = PBXFileReference; fileEncoding = 4; lastKnownFileType = sourcecode.c.objc; path = PCFAuth.m; sourceTree = "<group>"; };
		E1BF42FD1A422F1100B4707D /* libPCFAuth-lib.a */ = {isa = PBXFileReference; explicitFileType = archive.ar; includeInIndex = 0; path = "libPCFAuth-lib.a"; sourceTree = BUILT_PRODUCTS_DIR; };
/* End PBXFileReference section */

/* Begin PBXFrameworksBuildPhase section */
		E1BF42D21A422AC600B4707D /* Frameworks */ = {
			isa = PBXFrameworksBuildPhase;
			buildActionMask = 2147483647;
			files = (
				E14D1ACD1A4230150073322C /* libOCMock.a in Frameworks */,
			);
			runOnlyForDeploymentPostprocessing = 0;
		};
		E1BF42DE1A422AC600B4707D /* Frameworks */ = {
			isa = PBXFrameworksBuildPhase;
			buildActionMask = 2147483647;
			files = (
				E1BF42E21A422AC600B4707D /* PCFAuth.framework in Frameworks */,
			);
			runOnlyForDeploymentPostprocessing = 0;
		};
		E1BF42FA1A422F1100B4707D /* Frameworks */ = {
			isa = PBXFrameworksBuildPhase;
			buildActionMask = 2147483647;
			files = (
			);
			runOnlyForDeploymentPostprocessing = 0;
		};
/* End PBXFrameworksBuildPhase section */

/* Begin PBXGroup section */
		E1BF42CC1A422AC600B4707D = {
			isa = PBXGroup;
			children = (
				E14D1ACC1A4230140073322C /* libOCMock.a */,
				E1BF42D81A422AC600B4707D /* PCFAuth */,
				E1BF42E51A422AC600B4707D /* PCFAuthTests */,
				E1BF42D71A422AC600B4707D /* Products */,
			);
			sourceTree = "<group>";
		};
		E1BF42D71A422AC600B4707D /* Products */ = {
			isa = PBXGroup;
			children = (
				E1BF42D61A422AC600B4707D /* PCFAuth.framework */,
				E1BF42E11A422AC600B4707D /* PCFAuthTests.xctest */,
				E1BF42FD1A422F1100B4707D /* libPCFAuth-lib.a */,
			);
			name = Products;
			sourceTree = "<group>";
		};
		E1BF42D81A422AC600B4707D /* PCFAuth */ = {
			isa = PBXGroup;
			children = (
				E1BF42D91A422AC600B4707D /* Supporting Files */,
				E1BF42F41A422E8D00B4707D /* PCFAuth.h */,
				E1BF42F51A422E8D00B4707D /* PCFAuth.m */,
			);
			path = PCFAuth;
			sourceTree = "<group>";
		};
		E1BF42D91A422AC600B4707D /* Supporting Files */ = {
			isa = PBXGroup;
			children = (
				E1BF42DA1A422AC600B4707D /* Info.plist */,
			);
			name = "Supporting Files";
			sourceTree = "<group>";
		};
		E1BF42E51A422AC600B4707D /* PCFAuthTests */ = {
			isa = PBXGroup;
			children = (
				E1BF42E61A422AC600B4707D /* Supporting Files */,
				E1BF42E81A422AC600B4707D /* PCFAuthTests.m */,
			);
			path = PCFAuthTests;
			sourceTree = "<group>";
		};
		E1BF42E61A422AC600B4707D /* Supporting Files */ = {
			isa = PBXGroup;
			children = (
				E1BF42E71A422AC600B4707D /* Info.plist */,
			);
			name = "Supporting Files";
			sourceTree = "<group>";
		};
/* End PBXGroup section */

/* Begin PBXHeadersBuildPhase section */
		E1BF42D31A422AC600B4707D /* Headers */ = {
			isa = PBXHeadersBuildPhase;
			buildActionMask = 2147483647;
			files = (
				E1BF42F61A422E8D00B4707D /* PCFAuth.h in Headers */,
			);
			runOnlyForDeploymentPostprocessing = 0;
		};
/* End PBXHeadersBuildPhase section */

/* Begin PBXNativeTarget section */
		E1BF42D51A422AC600B4707D /* PCFAuth */ = {
			isa = PBXNativeTarget;
			buildConfigurationList = E1BF42EC1A422AC600B4707D /* Build configuration list for PBXNativeTarget "PCFAuth" */;
			buildPhases = (
				E1BF42D11A422AC600B4707D /* Sources */,
				E1BF42D21A422AC600B4707D /* Frameworks */,
				E1BF42D31A422AC600B4707D /* Headers */,
				E1BF42D41A422AC600B4707D /* Resources */,
			);
			buildRules = (
			);
			dependencies = (
			);
			name = PCFAuth;
			productName = PCFAuth;
			productReference = E1BF42D61A422AC600B4707D /* PCFAuth.framework */;
			productType = "com.apple.product-type.framework";
		};
		E1BF42E01A422AC600B4707D /* PCFAuthTests */ = {
			isa = PBXNativeTarget;
			buildConfigurationList = E1BF42EF1A422AC600B4707D /* Build configuration list for PBXNativeTarget "PCFAuthTests" */;
			buildPhases = (
				E1BF42DD1A422AC600B4707D /* Sources */,
				E1BF42DE1A422AC600B4707D /* Frameworks */,
				E1BF42DF1A422AC600B4707D /* Resources */,
			);
			buildRules = (
			);
			dependencies = (
				E1BF42E41A422AC600B4707D /* PBXTargetDependency */,
			);
			name = PCFAuthTests;
			productName = PCFAuthTests;
			productReference = E1BF42E11A422AC600B4707D /* PCFAuthTests.xctest */;
			productType = "com.apple.product-type.bundle.unit-test";
		};
		E1BF42FC1A422F1100B4707D /* PCFAuth-lib */ = {
			isa = PBXNativeTarget;
			buildConfigurationList = E1BF430E1A422F1100B4707D /* Build configuration list for PBXNativeTarget "PCFAuth-lib" */;
			buildPhases = (
				E1BF42F91A422F1100B4707D /* Sources */,
				E1BF42FA1A422F1100B4707D /* Frameworks */,
				E1BF42FB1A422F1100B4707D /* CopyFiles */,
			);
			buildRules = (
			);
			dependencies = (
			);
			name = "PCFAuth-lib";
			productName = "PCFAuth-lib";
			productReference = E1BF42FD1A422F1100B4707D /* libPCFAuth-lib.a */;
			productType = "com.apple.product-type.library.static";
		};
/* End PBXNativeTarget section */

/* Begin PBXProject section */
		E1BF42CD1A422AC600B4707D /* Project object */ = {
			isa = PBXProject;
			attributes = {
				LastUpgradeCheck = 0610;
				ORGANIZATIONNAME = Pivotal;
				TargetAttributes = {
					E1BF42D51A422AC600B4707D = {
						CreatedOnToolsVersion = 6.1;
					};
					E1BF42E01A422AC600B4707D = {
						CreatedOnToolsVersion = 6.1;
					};
					E1BF42FC1A422F1100B4707D = {
						CreatedOnToolsVersion = 6.1;
					};
					E1BF43161A422F5300B4707D = {
						CreatedOnToolsVersion = 6.1;
					};
				};
			};
			buildConfigurationList = E1BF42D01A422AC600B4707D /* Build configuration list for PBXProject "PCFAuth" */;
			compatibilityVersion = "Xcode 3.2";
			developmentRegion = English;
			hasScannedForEncodings = 0;
			knownRegions = (
				en,
			);
			mainGroup = E1BF42CC1A422AC600B4707D;
			productRefGroup = E1BF42D71A422AC600B4707D /* Products */;
			projectDirPath = "";
			projectRoot = "";
			targets = (
				E1BF42D51A422AC600B4707D /* PCFAuth */,
				E1BF42FC1A422F1100B4707D /* PCFAuth-lib */,
				E1BF43161A422F5300B4707D /* PCFUniversal */,
				E1BF42E01A422AC600B4707D /* PCFAuthTests */,
			);
		};
/* End PBXProject section */

/* Begin PBXResourcesBuildPhase section */
		E1BF42D41A422AC600B4707D /* Resources */ = {
			isa = PBXResourcesBuildPhase;
			buildActionMask = 2147483647;
			files = (
			);
			runOnlyForDeploymentPostprocessing = 0;
		};
		E1BF42DF1A422AC600B4707D /* Resources */ = {
			isa = PBXResourcesBuildPhase;
			buildActionMask = 2147483647;
			files = (
			);
			runOnlyForDeploymentPostprocessing = 0;
		};
/* End PBXResourcesBuildPhase section */

/* Begin PBXShellScriptBuildPhase section */
		E1BF431A1A422F5800B4707D /* ShellScript */ = {
			isa = PBXShellScriptBuildPhase;
			buildActionMask = 2147483647;
			files = (
			);
			inputPaths = (
			);
			outputPaths = (
			);
			runOnlyForDeploymentPostprocessing = 0;
			shellPath = /bin/sh;
			shellScript = ./build.sh;
		};
/* End PBXShellScriptBuildPhase section */

/* Begin PBXSourcesBuildPhase section */
		E1BF42D11A422AC600B4707D /* Sources */ = {
			isa = PBXSourcesBuildPhase;
			buildActionMask = 2147483647;
			files = (
				E1BF42F71A422E8D00B4707D /* PCFAuth.m in Sources */,
			);
			runOnlyForDeploymentPostprocessing = 0;
		};
		E1BF42DD1A422AC600B4707D /* Sources */ = {
			isa = PBXSourcesBuildPhase;
			buildActionMask = 2147483647;
			files = (
				E1BF42E91A422AC600B4707D /* PCFAuthTests.m in Sources */,
			);
			runOnlyForDeploymentPostprocessing = 0;
		};
		E1BF42F91A422F1100B4707D /* Sources */ = {
			isa = PBXSourcesBuildPhase;
			buildActionMask = 2147483647;
			files = (
				E1BF43151A422F3C00B4707D /* PCFAuth.m in Sources */,
			);
			runOnlyForDeploymentPostprocessing = 0;
		};
/* End PBXSourcesBuildPhase section */

/* Begin PBXTargetDependency section */
		E1BF42E41A422AC600B4707D /* PBXTargetDependency */ = {
			isa = PBXTargetDependency;
			target = E1BF42D51A422AC600B4707D /* PCFAuth */;
			targetProxy = E1BF42E31A422AC600B4707D /* PBXContainerItemProxy */;
		};
/* End PBXTargetDependency section */

/* Begin XCBuildConfiguration section */
		E1BF42EA1A422AC600B4707D /* Debug */ = {
			isa = XCBuildConfiguration;
			buildSettings = {
				ALWAYS_SEARCH_USER_PATHS = NO;
				CLANG_CXX_LANGUAGE_STANDARD = "gnu++0x";
				CLANG_CXX_LIBRARY = "libc++";
				CLANG_ENABLE_MODULES = YES;
				CLANG_ENABLE_OBJC_ARC = YES;
				CLANG_WARN_BOOL_CONVERSION = YES;
				CLANG_WARN_CONSTANT_CONVERSION = YES;
				CLANG_WARN_DIRECT_OBJC_ISA_USAGE = YES_ERROR;
				CLANG_WARN_EMPTY_BODY = YES;
				CLANG_WARN_ENUM_CONVERSION = YES;
				CLANG_WARN_INT_CONVERSION = YES;
				CLANG_WARN_OBJC_ROOT_CLASS = YES_ERROR;
				CLANG_WARN_UNREACHABLE_CODE = YES;
				CLANG_WARN__DUPLICATE_METHOD_MATCH = YES;
				"CODE_SIGN_IDENTITY[sdk=iphoneos*]" = "iPhone Developer";
				COPY_PHASE_STRIP = NO;
				CURRENT_PROJECT_VERSION = 1;
				ENABLE_STRICT_OBJC_MSGSEND = YES;
				GCC_C_LANGUAGE_STANDARD = gnu99;
				GCC_DYNAMIC_NO_PIC = NO;
				GCC_OPTIMIZATION_LEVEL = 0;
				GCC_PREPROCESSOR_DEFINITIONS = (
					"DEBUG=1",
					"$(inherited)",
				);
				GCC_SYMBOLS_PRIVATE_EXTERN = NO;
				GCC_WARN_64_TO_32_BIT_CONVERSION = YES;
				GCC_WARN_ABOUT_RETURN_TYPE = YES_ERROR;
				GCC_WARN_UNDECLARED_SELECTOR = YES;
				GCC_WARN_UNINITIALIZED_AUTOS = YES_AGGRESSIVE;
				GCC_WARN_UNUSED_FUNCTION = YES;
				GCC_WARN_UNUSED_VARIABLE = YES;
				IPHONEOS_DEPLOYMENT_TARGET = 8.1;
				MTL_ENABLE_DEBUG_INFO = YES;
				ONLY_ACTIVE_ARCH = YES;
				SDKROOT = iphoneos;
				TARGETED_DEVICE_FAMILY = "1,2";
				VERSIONING_SYSTEM = "apple-generic";
				VERSION_INFO_PREFIX = "";
			};
			name = Debug;
		};
		E1BF42EB1A422AC600B4707D /* Release */ = {
			isa = XCBuildConfiguration;
			buildSettings = {
				ALWAYS_SEARCH_USER_PATHS = NO;
				CLANG_CXX_LANGUAGE_STANDARD = "gnu++0x";
				CLANG_CXX_LIBRARY = "libc++";
				CLANG_ENABLE_MODULES = YES;
				CLANG_ENABLE_OBJC_ARC = YES;
				CLANG_WARN_BOOL_CONVERSION = YES;
				CLANG_WARN_CONSTANT_CONVERSION = YES;
				CLANG_WARN_DIRECT_OBJC_ISA_USAGE = YES_ERROR;
				CLANG_WARN_EMPTY_BODY = YES;
				CLANG_WARN_ENUM_CONVERSION = YES;
				CLANG_WARN_INT_CONVERSION = YES;
				CLANG_WARN_OBJC_ROOT_CLASS = YES_ERROR;
				CLANG_WARN_UNREACHABLE_CODE = YES;
				CLANG_WARN__DUPLICATE_METHOD_MATCH = YES;
				"CODE_SIGN_IDENTITY[sdk=iphoneos*]" = "iPhone Developer";
				COPY_PHASE_STRIP = YES;
				CURRENT_PROJECT_VERSION = 1;
				ENABLE_NS_ASSERTIONS = NO;
				ENABLE_STRICT_OBJC_MSGSEND = YES;
				GCC_C_LANGUAGE_STANDARD = gnu99;
				GCC_WARN_64_TO_32_BIT_CONVERSION = YES;
				GCC_WARN_ABOUT_RETURN_TYPE = YES_ERROR;
				GCC_WARN_UNDECLARED_SELECTOR = YES;
				GCC_WARN_UNINITIALIZED_AUTOS = YES_AGGRESSIVE;
				GCC_WARN_UNUSED_FUNCTION = YES;
				GCC_WARN_UNUSED_VARIABLE = YES;
				IPHONEOS_DEPLOYMENT_TARGET = 8.1;
				MTL_ENABLE_DEBUG_INFO = NO;
				SDKROOT = iphoneos;
				TARGETED_DEVICE_FAMILY = "1,2";
				VALIDATE_PRODUCT = YES;
				VERSIONING_SYSTEM = "apple-generic";
				VERSION_INFO_PREFIX = "";
			};
			name = Release;
		};
		E1BF42ED1A422AC600B4707D /* Debug */ = {
			isa = XCBuildConfiguration;
			buildSettings = {
				DEFINES_MODULE = YES;
				DYLIB_COMPATIBILITY_VERSION = 1;
				DYLIB_CURRENT_VERSION = 1;
				DYLIB_INSTALL_NAME_BASE = "@rpath";
				INFOPLIST_FILE = PCFAuth/Info.plist;
				INSTALL_PATH = "$(LOCAL_LIBRARY_DIR)/Frameworks";
				LD_RUNPATH_SEARCH_PATHS = "$(inherited) @executable_path/Frameworks @loader_path/Frameworks";
				LIBRARY_SEARCH_PATHS = (
					"$(inherited)",
					"$(PROJECT_DIR)/PCFAuthTests/ThirdParty/OCMockiOS",
				);
				PRODUCT_NAME = "$(TARGET_NAME)";
				SKIP_INSTALL = YES;
			};
			name = Debug;
		};
		E1BF42EE1A422AC600B4707D /* Release */ = {
			isa = XCBuildConfiguration;
			buildSettings = {
				DEFINES_MODULE = YES;
				DYLIB_COMPATIBILITY_VERSION = 1;
				DYLIB_CURRENT_VERSION = 1;
				DYLIB_INSTALL_NAME_BASE = "@rpath";
				INFOPLIST_FILE = PCFAuth/Info.plist;
				INSTALL_PATH = "$(LOCAL_LIBRARY_DIR)/Frameworks";
				LD_RUNPATH_SEARCH_PATHS = "$(inherited) @executable_path/Frameworks @loader_path/Frameworks";
				LIBRARY_SEARCH_PATHS = (
					"$(inherited)",
					"$(PROJECT_DIR)/PCFAuthTests/ThirdParty/OCMockiOS",
				);
				PRODUCT_NAME = "$(TARGET_NAME)";
				SKIP_INSTALL = YES;
			};
			name = Release;
		};
		E1BF42F01A422AC600B4707D /* Debug */ = {
			isa = XCBuildConfiguration;
			buildSettings = {
				FRAMEWORK_SEARCH_PATHS = (
					"$(SDKROOT)/Developer/Library/Frameworks",
					"$(inherited)",
				);
				GCC_PREPROCESSOR_DEFINITIONS = (
					"DEBUG=1",
					"$(inherited)",
				);
				HEADER_SEARCH_PATHS = (
					"$(inherited)",
					/Applications/Xcode.app/Contents/Developer/Toolchains/XcodeDefault.xctoolchain/usr/include,
					"$(PROJECT_DIR)/PCFAuthTests/ThirdParty/OCMockiOS",
				);
				INFOPLIST_FILE = PCFAuthTests/Info.plist;
				LD_RUNPATH_SEARCH_PATHS = "$(inherited) @executable_path/Frameworks @loader_path/Frameworks";
				PRODUCT_NAME = "$(TARGET_NAME)";
			};
			name = Debug;
		};
		E1BF42F11A422AC600B4707D /* Release */ = {
			isa = XCBuildConfiguration;
			buildSettings = {
				FRAMEWORK_SEARCH_PATHS = (
					"$(SDKROOT)/Developer/Library/Frameworks",
					"$(inherited)",
				);
				HEADER_SEARCH_PATHS = (
					"$(inherited)",
					/Applications/Xcode.app/Contents/Developer/Toolchains/XcodeDefault.xctoolchain/usr/include,
					"$(PROJECT_DIR)/PCFAuthTests/ThirdParty/OCMockiOS",
				);
				INFOPLIST_FILE = PCFAuthTests/Info.plist;
				LD_RUNPATH_SEARCH_PATHS = "$(inherited) @executable_path/Frameworks @loader_path/Frameworks";
				PRODUCT_NAME = "$(TARGET_NAME)";
			};
			name = Release;
		};
		E1BF430F1A422F1100B4707D /* Debug */ = {
			isa = XCBuildConfiguration;
			buildSettings = {
				GCC_PREPROCESSOR_DEFINITIONS = (
					"DEBUG=1",
					"$(inherited)",
				);
				OTHER_LDFLAGS = "-ObjC";
				PRODUCT_NAME = "$(TARGET_NAME)";
				SKIP_INSTALL = YES;
			};
			name = Debug;
		};
		E1BF43101A422F1100B4707D /* Release */ = {
			isa = XCBuildConfiguration;
			buildSettings = {
				OTHER_LDFLAGS = "-ObjC";
				PRODUCT_NAME = "$(TARGET_NAME)";
				SKIP_INSTALL = YES;
			};
			name = Release;
		};
		E1BF43181A422F5300B4707D /* Debug */ = {
			isa = XCBuildConfiguration;
			buildSettings = {
				PRODUCT_NAME = "$(TARGET_NAME)";
			};
			name = Debug;
		};
		E1BF43191A422F5300B4707D /* Release */ = {
			isa = XCBuildConfiguration;
			buildSettings = {
				PRODUCT_NAME = "$(TARGET_NAME)";
			};
			name = Release;
		};
/* End XCBuildConfiguration section */

/* Begin XCConfigurationList section */
		E1BF42D01A422AC600B4707D /* Build configuration list for PBXProject "PCFAuth" */ = {
			isa = XCConfigurationList;
			buildConfigurations = (
				E1BF42EA1A422AC600B4707D /* Debug */,
				E1BF42EB1A422AC600B4707D /* Release */,
			);
			defaultConfigurationIsVisible = 0;
			defaultConfigurationName = Release;
		};
		E1BF42EC1A422AC600B4707D /* Build configuration list for PBXNativeTarget "PCFAuth" */ = {
			isa = XCConfigurationList;
			buildConfigurations = (
				E1BF42ED1A422AC600B4707D /* Debug */,
				E1BF42EE1A422AC600B4707D /* Release */,
			);
			defaultConfigurationIsVisible = 0;
			defaultConfigurationName = Release;
		};
		E1BF42EF1A422AC600B4707D /* Build configuration list for PBXNativeTarget "PCFAuthTests" */ = {
			isa = XCConfigurationList;
			buildConfigurations = (
				E1BF42F01A422AC600B4707D /* Debug */,
				E1BF42F11A422AC600B4707D /* Release */,
			);
			defaultConfigurationIsVisible = 0;
			defaultConfigurationName = Release;
		};
		E1BF430E1A422F1100B4707D /* Build configuration list for PBXNativeTarget "PCFAuth-lib" */ = {
			isa = XCConfigurationList;
			buildConfigurations = (
				E1BF430F1A422F1100B4707D /* Debug */,
				E1BF43101A422F1100B4707D /* Release */,
			);
			defaultConfigurationIsVisible = 0;
			defaultConfigurationName = Release;
		};
		E1BF43171A422F5300B4707D /* Build configuration list for PBXAggregateTarget "PCFUniversal" */ = {
			isa = XCConfigurationList;
			buildConfigurations = (
				E1BF43181A422F5300B4707D /* Debug */,
				E1BF43191A422F5300B4707D /* Release */,
			);
			defaultConfigurationIsVisible = 0;
			defaultConfigurationName = Release;
		};
/* End XCConfigurationList section */
	};
	rootObject = E1BF42CD1A422AC600B4707D /* Project object */;
}
